// !$*UTF8*$!
{
	archiveVersion = 1;
	classes = {
	};
	objectVersion = 46;
	objects = {

/* Begin PBXBuildFile section */
		A70E4B951C582966000FB733 /* main.m in Sources */ = {isa = PBXBuildFile; fileRef = A70E4B941C582966000FB733 /* main.m */; };
		A70E4B981C582966000FB733 /* AppDelegate.m in Sources */ = {isa = PBXBuildFile; fileRef = A70E4B971C582966000FB733 /* AppDelegate.m */; };
		A70E4B9B1C582966000FB733 /* ViewController.m in Sources */ = {isa = PBXBuildFile; fileRef = A70E4B9A1C582966000FB733 /* ViewController.m */; };
		A70E4B9E1C582966000FB733 /* Main.storyboard in Resources */ = {isa = PBXBuildFile; fileRef = A70E4B9C1C582966000FB733 /* Main.storyboard */; };
		A70E4BA01C582966000FB733 /* Assets.xcassets in Resources */ = {isa = PBXBuildFile; fileRef = A70E4B9F1C582966000FB733 /* Assets.xcassets */; };
		A70E4BA31C582966000FB733 /* LaunchScreen.storyboard in Resources */ = {isa = PBXBuildFile; fileRef = A70E4BA11C582966000FB733 /* LaunchScreen.storyboard */; };
		A70E4BAF1C5829E4000FB733 /* ListTableViewCell.m in Sources */ = {isa = PBXBuildFile; fileRef = A70E4BAE1C5829E4000FB733 /* ListTableViewCell.m */; };
		A70E4BB21C582C1E000FB733 /* AddItemViewController.m in Sources */ = {isa = PBXBuildFile; fileRef = A70E4BB11C582C1E000FB733 /* AddItemViewController.m */; };
/* End PBXBuildFile section */

/* Begin PBXFileReference section */
		A70E4B901C582966000FB733 /* toDoList Exercise.app */ = {isa = PBXFileReference; explicitFileType = wrapper.application; includeInIndex = 0; path = "toDoList Exercise.app"; sourceTree = BUILT_PRODUCTS_DIR; };
		A70E4B941C582966000FB733 /* main.m */ = {isa = PBXFileReference; lastKnownFileType = sourcecode.c.objc; path = main.m; sourceTree = "<group>"; };
		A70E4B961C582966000FB733 /* AppDelegate.h */ = {isa = PBXFileReference; lastKnownFileType = sourcecode.c.h; path = AppDelegate.h; sourceTree = "<group>"; };
		A70E4B971C582966000FB733 /* AppDelegate.m */ = {isa = PBXFileReference; lastKnownFileType = sourcecode.c.objc; path = AppDelegate.m; sourceTree = "<group>"; };
		A70E4B991C582966000FB733 /* ViewController.h */ = {isa = PBXFileReference; lastKnownFileType = sourcecode.c.h; path = ViewController.h; sourceTree = "<group>"; };
		A70E4B9A1C582966000FB733 /* ViewController.m */ = {isa = PBXFileReference; lastKnownFileType = sourcecode.c.objc; path = ViewController.m; sourceTree = "<group>"; };
		A70E4B9D1C582966000FB733 /* Base */ = {isa = PBXFileReference; lastKnownFileType = file.storyboard; name = Base; path = Base.lproj/Main.storyboard; sourceTree = "<group>"; };
		A70E4B9F1C582966000FB733 /* Assets.xcassets */ = {isa = PBXFileReference; lastKnownFileType = folder.assetcatalog; path = Assets.xcassets; sourceTree = "<group>"; };
		A70E4BA21C582966000FB733 /* Base */ = {isa = PBXFileReference; lastKnownFileType = file.storyboard; name = Base; path = Base.lproj/LaunchScreen.storyboard; sourceTree = "<group>"; };
		A70E4BA41C582966000FB733 /* Info.plist */ = {isa = PBXFileReference; lastKnownFileType = text.plist.xml; path = Info.plist; sourceTree = "<group>"; };
		A70E4BAD1C5829E4000FB733 /* ListTableViewCell.h */ = {isa = PBXFileReference; fileEncoding = 4; lastKnownFileType = sourcecode.c.h; path = ListTableViewCell.h; sourceTree = "<group>"; };
		A70E4BAE1C5829E4000FB733 /* ListTableViewCell.m */ = {isa = PBXFileReference; fileEncoding = 4; lastKnownFileType = sourcecode.c.objc; path = ListTableViewCell.m; sourceTree = "<group>"; };
		A70E4BB01C582C1E000FB733 /* AddItemViewController.h */ = {isa = PBXFileReference; fileEncoding = 4; lastKnownFileType = sourcecode.c.h; path = AddItemViewController.h; sourceTree = "<group>"; };
		A70E4BB11C582C1E000FB733 /* AddItemViewController.m */ = {isa = PBXFileReference; fileEncoding = 4; lastKnownFileType = sourcecode.c.objc; path = AddItemViewController.m; sourceTree = "<group>"; };
/* End PBXFileReference section */

/* Begin PBXFrameworksBuildPhase section */
		A70E4B8D1C582966000FB733 /* Frameworks */ = {
			isa = PBXFrameworksBuildPhase;
			buildActionMask = 2147483647;
			files = (
			);
			runOnlyForDeploymentPostprocessing = 0;
		};
/* End PBXFrameworksBuildPhase section */

/* Begin PBXGroup section */
		A70E4B871C582966000FB733 = {
			isa = PBXGroup;
			children = (
				A70E4B921C582966000FB733 /* toDoList Exercise */,
				A70E4B911C582966000FB733 /* Products */,
			);
			sourceTree = "<group>";
		};
		A70E4B911C582966000FB733 /* Products */ = {
			isa = PBXGroup;
			children = (
				A70E4B901C582966000FB733 /* toDoList Exercise.app */,
			);
			name = Products;
			sourceTree = "<group>";
		};
		A70E4B921C582966000FB733 /* toDoList Exercise */ = {
			isa = PBXGroup;
			children = (
				A70E4B961C582966000FB733 /* AppDelegate.h */,
				A70E4B971C582966000FB733 /* AppDelegate.m */,
				A70E4B991C582966000FB733 /* ViewController.h */,
				A70E4B9A1C582966000FB733 /* ViewController.m */,
				A70E4B9C1C582966000FB733 /* Main.storyboard */,
				A70E4B9F1C582966000FB733 /* Assets.xcassets */,
				A70E4BA11C582966000FB733 /* LaunchScreen.storyboard */,
				A70E4BA41C582966000FB733 /* Info.plist */,
				A70E4B931C582966000FB733 /* Supporting Files */,
				A70E4BAD1C5829E4000FB733 /* ListTableViewCell.h */,
				A70E4BAE1C5829E4000FB733 /* ListTableViewCell.m */,
				A70E4BB01C582C1E000FB733 /* AddItemViewController.h */,
				A70E4BB11C582C1E000FB733 /* AddItemViewController.m */,
			);
			path = "toDoList Exercise";
			sourceTree = "<group>";
		};
		A70E4B931C582966000FB733 /* Supporting Files */ = {
			isa = PBXGroup;
			children = (
				A70E4B941C582966000FB733 /* main.m */,
			);
			name = "Supporting Files";
			sourceTree = "<group>";
		};
/* End PBXGroup section */

/* Begin PBXNativeTarget section */
		A70E4B8F1C582966000FB733 /* toDoList Exercise */ = {
			isa = PBXNativeTarget;
			buildConfigurationList = A70E4BA71C582966000FB733 /* Build configuration list for PBXNativeTarget "toDoList Exercise" */;
			buildPhases = (
				A70E4B8C1C582966000FB733 /* Sources */,
				A70E4B8D1C582966000FB733 /* Frameworks */,
				A70E4B8E1C582966000FB733 /* Resources */,
			);
			buildRules = (
			);
			dependencies = (
			);
			name = "toDoList Exercise";
			productName = "toDoList Exercise";
			productReference = A70E4B901C582966000FB733 /* toDoList Exercise.app */;
			productType = "com.apple.product-type.application";
		};
/* End PBXNativeTarget section */

/* Begin PBXProject section */
		A70E4B881C582966000FB733 /* Project object */ = {
			isa = PBXProject;
			attributes = {
				LastUpgradeCheck = 0720;
				ORGANIZATIONNAME = AccessIT;
				TargetAttributes = {
					A70E4B8F1C582966000FB733 = {
						CreatedOnToolsVersion = 7.2;
						DevelopmentTeam = DA62YQ6NQN;
					};
				};
			};
			buildConfigurationList = A70E4B8B1C582966000FB733 /* Build configuration list for PBXProject "toDoList Exercise" */;
			compatibilityVersion = "Xcode 3.2";
			developmentRegion = English;
			hasScannedForEncodings = 0;
			knownRegions = (
				en,
				Base,
			);
			mainGroup = A70E4B871C582966000FB733;
			productRefGroup = A70E4B911C582966000FB733 /* Products */;
			projectDirPath = "";
			projectRoot = "";
			targets = (
				A70E4B8F1C582966000FB733 /* toDoList Exercise */,
			);
		};
/* End PBXProject section */

/* Begin PBXResourcesBuildPhase section */
		A70E4B8E1C582966000FB733 /* Resources */ = {
			isa = PBXResourcesBuildPhase;
			buildActionMask = 2147483647;
			files = (
				A70E4BA31C582966000FB733 /* LaunchScreen.storyboard in Resources */,
				A70E4BA01C582966000FB733 /* Assets.xcassets in Resources */,
				A70E4B9E1C582966000FB733 /* Main.storyboard in Resources */,
			);
			runOnlyForDeploymentPostprocessing = 0;
		};
/* End PBXResourcesBuildPhase section */

/* Begin PBXSourcesBuildPhase section */
		A70E4B8C1C582966000FB733 /* Sources */ = {
			isa = PBXSourcesBuildPhase;
			buildActionMask = 2147483647;
			files = (
				A70E4B9B1C582966000FB733 /* ViewController.m in Sources */,
				A70E4BAF1C5829E4000FB733 /* ListTableViewCell.m in Sources */,
				A70E4B981C582966000FB733 /* AppDelegate.m in Sources */,
				A70E4BB21C582C1E000FB733 /* AddItemViewController.m in Sources */,
				A70E4B951C582966000FB733 /* main.m in Sources */,
			);
			runOnlyForDeploymentPostprocessing = 0;
		};
/* End PBXSourcesBuildPhase section */

/* Begin PBXVariantGroup section */
		A70E4B9C1C582966000FB733 /* Main.storyboard */ = {
			isa = PBXVariantGroup;
			children = (
				A70E4B9D1C582966000FB733 /* Base */,
			);
			name = Main.storyboard;
			sourceTree = "<group>";
		};
		A70E4BA11C582966000FB733 /* LaunchScreen.storyboard */ = {
			isa = PBXVariantGroup;
			children = (
				A70E4BA21C582966000FB733 /* Base */,
			);
			name = LaunchScreen.storyboard;
			sourceTree = "<group>";
		};
/* End PBXVariantGroup section */

/* Begin XCBuildConfiguration section */
		A70E4BA51C582966000FB733 /* Debug */ = {
			isa = XCBuildConfiguration;
			buildSettings = {
				ALWAYS_SEARCH_USER_PATHS = NO;
				CLANG_CXX_LANGUAGE_STANDARD = "gnu++0x";
				CLANG_CXX_LIBRARY = "libc++";
				CLANG_ENABLE_MODULES = YES;
				CLANG_ENABLE_OBJC_ARC = YES;
				CLANG_WARN_BOOL_CONVERSION = YES;
				CLANG_WARN_CONSTANT_CONVERSION = YES;
				CLANG_WARN_DIRECT_OBJC_ISA_USAGE = YES_ERROR;
				CLANG_WARN_EMPTY_BODY = YES;
				CLANG_WARN_ENUM_CONVERSION = YES;
				CLANG_WARN_INT_CONVERSION = YES;
				CLANG_WARN_OBJC_ROOT_CLASS = YES_ERROR;
				CLANG_WARN_UNREACHABLE_CODE = YES;
				CLANG_WARN__DUPLICATE_METHOD_MATCH = YES;
				"CODE_SIGN_IDENTITY[sdk=iphoneos*]" = "iPhone Developer";
				COPY_PHASE_STRIP = NO;
				DEBUG_INFORMATION_FORMAT = dwarf;
				ENABLE_STRICT_OBJC_MSGSEND = YES;
				ENABLE_TESTABILITY = YES;
				GCC_C_LANGUAGE_STANDARD = gnu99;
				GCC_DYNAMIC_NO_PIC = NO;
				GCC_NO_COMMON_BLOCKS = YES;
				GCC_OPTIMIZATION_LEVEL = 0;
				GCC_PREPROCESSOR_DEFINITIONS = (
					"DEBUG=1",
					"$(inherited)",
				);
				GCC_WARN_64_TO_32_BIT_CONVERSION = YES;
				GCC_WARN_ABOUT_RETURN_TYPE = YES_ERROR;
				GCC_WARN_UNDECLARED_SELECTOR = YES;
				GCC_WARN_UNINITIALIZED_AUTOS = YES_AGGRESSIVE;
				GCC_WARN_UNUSED_FUNCTION = YES;
				GCC_WARN_UNUSED_VARIABLE = YES;
				IPHONEOS_DEPLOYMENT_TARGET = 9.2;
				MTL_ENABLE_DEBUG_INFO = YES;
				ONLY_ACTIVE_ARCH = YES;
				SDKROOT = iphoneos;
				TARGETED_DEVICE_FAMILY = "1,2";
			};
			name = Debug;
		};
		A70E4BA61C582966000FB733 /* Release */ = {
			isa = XCBuildConfiguration;
			buildSettings = {
				ALWAYS_SEARCH_USER_PATHS = NO;
				CLANG_CXX_LANGUAGE_STANDARD = "gnu++0x";
				CLANG_CXX_LIBRARY = "libc++";
				CLANG_ENABLE_MODULES = YES;
				CLANG_ENABLE_OBJC_ARC = YES;
				CLANG_WARN_BOOL_CONVERSION = YES;
				CLANG_WARN_CONSTANT_CONVERSION = YES;
				CLANG_WARN_DIRECT_OBJC_ISA_USAGE = YES_ERROR;
				CLANG_WARN_EMPTY_BODY = YES;
				CLANG_WARN_ENUM_CONVERSION = YES;
				CLANG_WARN_INT_CONVERSION = YES;
				CLANG_WARN_OBJC_ROOT_CLASS = YES_ERROR;
				CLANG_WARN_UNREACHABLE_CODE = YES;
				CLANG_WARN__DUPLICATE_METHOD_MATCH = YES;
				"CODE_SIGN_IDENTITY[sdk=iphoneos*]" = "iPhone Developer";
				COPY_PHASE_STRIP = NO;
				DEBUG_INFORMATION_FORMAT = "dwarf-with-dsym";
				ENABLE_NS_ASSERTIONS = NO;
				ENABLE_STRICT_OBJC_MSGSEND = YES;
				GCC_C_LANGUAGE_STANDARD = gnu99;
				GCC_NO_COMMON_BLOCKS = YES;
				GCC_WARN_64_TO_32_BIT_CONVERSION = YES;
				GCC_WARN_ABOUT_RETURN_TYPE = YES_ERROR;
				GCC_WARN_UNDECLARED_SELECTOR = YES;
				GCC_WARN_UNINITIALIZED_AUTOS = YES_AGGRESSIVE;
				GCC_WARN_UNUSED_FUNCTION = YES;
				GCC_WARN_UNUSED_VARIABLE = YES;
				IPHONEOS_DEPLOYMENT_TARGET = 9.2;
				MTL_ENABLE_DEBUG_INFO = NO;
				SDKROOT = iphoneos;
				TARGETED_DEVICE_FAMILY = "1,2";
				VALIDATE_PRODUCT = YES;
			};
			name = Release;
		};
		A70E4BA81C582966000FB733 /* Debug */ = {
			isa = XCBuildConfiguration;
			buildSettings = {
				ASSETCATALOG_COMPILER_APPICON_NAME = AppIcon;
				INFOPLIST_FILE = "toDoList Exercise/Info.plist";
				LD_RUNPATH_SEARCH_PATHS = "$(inherited) @executable_path/Frameworks";
				PRODUCT_BUNDLE_IDENTIFIER = "access.toDoList-Exercise";
				PRODUCT_NAME = "$(TARGET_NAME)";
			};
			name = Debug;
		};
		A70E4BA91C582966000FB733 /* Release */ = {
			isa = XCBuildConfiguration;
			buildSettings = {
				ASSETCATALOG_COMPILER_APPICON_NAME = AppIcon;
				INFOPLIST_FILE = "toDoList Exercise/Info.plist";
				LD_RUNPATH_SEARCH_PATHS = "$(inherited) @executable_path/Frameworks";
				PRODUCT_BUNDLE_IDENTIFIER = "access.toDoList-Exercise";
				PRODUCT_NAME = "$(TARGET_NAME)";
			};
			name = Release;
		};
/* End XCBuildConfiguration section */

/* Begin XCConfigurationList section */
		A70E4B8B1C582966000FB733 /* Build configuration list for PBXProject "toDoList Exercise" */ = {
			isa = XCConfigurationList;
			buildConfigurations = (
				A70E4BA51C582966000FB733 /* Debug */,
				A70E4BA61C582966000FB733 /* Release */,
			);
			defaultConfigurationIsVisible = 0;
			defaultConfigurationName = Release;
		};
		A70E4BA71C582966000FB733 /* Build configuration list for PBXNativeTarget "toDoList Exercise" */ = {
			isa = XCConfigurationList;
			buildConfigurations = (
				A70E4BA81C582966000FB733 /* Debug */,
				A70E4BA91C582966000FB733 /* Release */,
			);
			defaultConfigurationIsVisible = 0;
		};
/* End XCConfigurationList section */
	};
	rootObject = A70E4B881C582966000FB733 /* Project object */;
}
